{
  "name": "@mcplookup/mcp",
  "version": "0.1.5",
  "lockfileVersion": 3,
  "requires": true,
  "packages": {
    "": {
      "name": "@mcplookup/mcp",
      "version": "0.1.5",
      "license": "MIT",
      "bin": {
        "mcplookup-mcp": "bin/mcplookup-mcp.js"
      },
      "engines": {
        "node": ">=20"
      }
    }
  }
}
